
Microsoft Visual Studio Solution File, Format Version 12.00
Project("{FAE04EC0-301F-11D3-BF4B-00C04F79EFBC}") = "WTR", "WTR.csproj", "{1BF2EEF0-AC67-4EAA-9E64-574A19B1557B}"
EndProject
Global
	GlobalSection(SolutionConfigurationPlatforms) = preSolution
		Debug|Any CPU = Debug|Any CPU
		Release|Any CPU = Release|Any CPU
	EndGlobalSection
	GlobalSection(ProjectConfigurationPlatforms) = postSolution
		{1BF2EEF0-AC67-4EAA-9E64-574A19B1557B}.Debug|Any CPU.ActiveCfg = Debug|Any CPU
		{1BF2EEF0-AC67-4EAA-9E64-574A19B1557B}.Debug|Any CPU.Build.0 = Debug|Any CPU
		{1BF2EEF0-AC67-4EAA-9E64-574A19B1557B}.Release|Any CPU.ActiveCfg = Release|Any CPU
		{1BF2EEF0-AC67-4EAA-9E64-574A19B1557B}.Release|Any CPU.Build.0 = Release|Any CPU
	EndGlobalSection
EndGlobal
